// !$*UTF8*$!
{
	archiveVersion = 1;
	classes = {
	};
	objectVersion = 77;
	objects = {

/* Begin PBXBuildFile section */
		F76464F62D17078E007F164E /* SceneDelegateTests.swift in Sources */ = {isa = PBXBuildFile; fileRef = F76464F52D17078E007F164E /* SceneDelegateTests.swift */; };
		F76464FD2D170AB0007F164E /* MainQueueDispatchDecorator.swift in Sources */ = {isa = PBXBuildFile; fileRef = F76464F82D170AB0007F164E /* MainQueueDispatchDecorator.swift */; };
		F76464FE2D170AB0007F164E /* FeedViewAdapter.swift in Sources */ = {isa = PBXBuildFile; fileRef = F76464FC2D170AB0007F164E /* FeedViewAdapter.swift */; };
		F76464FF2D170AB0007F164E /* FeedUIComposer.swift in Sources */ = {isa = PBXBuildFile; fileRef = F76464F72D170AB0007F164E /* FeedUIComposer.swift */; };
		F76465002D170AB0007F164E /* FeedImageDataLoaderPresentationAdapter.swift in Sources */ = {isa = PBXBuildFile; fileRef = F76464FA2D170AB0007F164E /* FeedImageDataLoaderPresentationAdapter.swift */; };
		F76465012D170AB0007F164E /* FeedLoaderPresentationAdapter.swift in Sources */ = {isa = PBXBuildFile; fileRef = F76464FB2D170AB0007F164E /* FeedLoaderPresentationAdapter.swift */; };
		F76465022D170AB0007F164E /* WeakRefVirtualProxy.swift in Sources */ = {isa = PBXBuildFile; fileRef = F76464F92D170AB0007F164E /* WeakRefVirtualProxy.swift */; };
		F764650D2D170AFC007F164E /* FeedUIIntegrationTests+Localization.swift in Sources */ = {isa = PBXBuildFile; fileRef = F76465082D170AFC007F164E /* FeedUIIntegrationTests+Localization.swift */; };
		F764650F2D170AFC007F164E /* FeedUIIntegrationTests+Assertions.swift in Sources */ = {isa = PBXBuildFile; fileRef = F764650A2D170AFC007F164E /* FeedUIIntegrationTests+Assertions.swift */; };
		F76465102D170AFC007F164E /* FeedImageCell+TestHelpers.swift in Sources */ = {isa = PBXBuildFile; fileRef = F764650B2D170AFC007F164E /* FeedImageCell+TestHelpers.swift */; };
		F76465112D170AFC007F164E /* UIImage+TestHelpers.swift in Sources */ = {isa = PBXBuildFile; fileRef = F76465072D170AFC007F164E /* UIImage+TestHelpers.swift */; };
		F76465122D170AFC007F164E /* UIRefreshControl+TestHelpers.swift in Sources */ = {isa = PBXBuildFile; fileRef = F76465062D170AFC007F164E /* UIRefreshControl+TestHelpers.swift */; };
		F76465132D170AFC007F164E /* UIButton+TestHelpers.swift in Sources */ = {isa = PBXBuildFile; fileRef = F76465052D170AFC007F164E /* UIButton+TestHelpers.swift */; };
		F76465142D170AFC007F164E /* FeedViewController+TestHelpers.swift in Sources */ = {isa = PBXBuildFile; fileRef = F76465092D170AFC007F164E /* FeedViewController+TestHelpers.swift */; };
		F76465152D170AFC007F164E /* UIControl+TestHelpers.swift in Sources */ = {isa = PBXBuildFile; fileRef = F76465042D170AFC007F164E /* UIControl+TestHelpers.swift */; };
		F76465162D170AFC007F164E /* FeedViewControllerTests+LoaderSpy.swift in Sources */ = {isa = PBXBuildFile; fileRef = F764650C2D170AFC007F164E /* FeedViewControllerTests+LoaderSpy.swift */; };
		F76465182D170B35007F164E /* FeedUIIntegrationTests.swift in Sources */ = {isa = PBXBuildFile; fileRef = F76465172D170B35007F164E /* FeedUIIntegrationTests.swift */; };
		F764651A2D170F66007F164E /* FeedAcceptanceTests.swift in Sources */ = {isa = PBXBuildFile; fileRef = F76465192D170F66007F164E /* FeedAcceptanceTests.swift */; };
		F76465292D174EF1007F164E /* UIView+TestHelpers.swift in Sources */ = {isa = PBXBuildFile; fileRef = F76465282D174EF1007F164E /* UIView+TestHelpers.swift */; };
		F7B9F9D42D12BCC000626D9B /* EssentialFeed.framework in Frameworks */ = {isa = PBXBuildFile; fileRef = F7B9F9D22D12BCC000626D9B /* EssentialFeed.framework */; };
		F7B9F9D52D12BCC000626D9B /* EssentialFeed.framework in Embed Frameworks */ = {isa = PBXBuildFile; fileRef = F7B9F9D22D12BCC000626D9B /* EssentialFeed.framework */; settings = {ATTRIBUTES = (CodeSignOnCopy, RemoveHeadersOnCopy, ); }; };
		F7B9F9D62D12BCC000626D9B /* EssentialFeediOS.framework in Frameworks */ = {isa = PBXBuildFile; fileRef = F7B9F9D32D12BCC000626D9B /* EssentialFeediOS.framework */; };
		F7B9F9D72D12BCC000626D9B /* EssentialFeediOS.framework in Embed Frameworks */ = {isa = PBXBuildFile; fileRef = F7B9F9D32D12BCC000626D9B /* EssentialFeediOS.framework */; settings = {ATTRIBUTES = (CodeSignOnCopy, RemoveHeadersOnCopy, ); }; };
		F7B9FA0D2D13051200626D9B /* FeedImageDataLoaderWithFallbackCompositeTests.swift in Sources */ = {isa = PBXBuildFile; fileRef = F7B9FA092D13051200626D9B /* FeedImageDataLoaderWithFallbackCompositeTests.swift */; };
		F7B9FA0F2D13051200626D9B /* EssentialApp.xctestplan in Resources */ = {isa = PBXBuildFile; fileRef = F7B9FA082D13051200626D9B /* EssentialApp.xctestplan */; };
		F7B9FA1C2D13051600626D9B /* AppDelegate.swift in Sources */ = {isa = PBXBuildFile; fileRef = F7B9FA112D13051600626D9B /* AppDelegate.swift */; };
		F7B9FA1D2D13051600626D9B /* FeedImageDataLoaderWithFallbackComposite.swift in Sources */ = {isa = PBXBuildFile; fileRef = F7B9FA132D13051600626D9B /* FeedImageDataLoaderWithFallbackComposite.swift */; };
		F7B9FA1F2D13051600626D9B /* SceneDelegate.swift in Sources */ = {isa = PBXBuildFile; fileRef = F7B9FA1A2D13051600626D9B /* SceneDelegate.swift */; };
		F7B9FA202D13051600626D9B /* Assets.xcassets in Resources */ = {isa = PBXBuildFile; fileRef = F7B9FA122D13051600626D9B /* Assets.xcassets */; };
		F7B9FA222D13051600626D9B /* LaunchScreen.storyboard in Resources */ = {isa = PBXBuildFile; fileRef = F7B9FA172D13051600626D9B /* LaunchScreen.storyboard */; };
		F7B9FA252D130CC500626D9B /* XCTestCase+MemoryLeakTracking.swift in Sources */ = {isa = PBXBuildFile; fileRef = F7B9FA242D130CC500626D9B /* XCTestCase+MemoryLeakTracking.swift */; };
		F7B9FA292D130E1000626D9B /* SharedTestHelpers.swift in Sources */ = {isa = PBXBuildFile; fileRef = F7B9FA282D130E0500626D9B /* SharedTestHelpers.swift */; };
		F7B9FA2E2D1325B100626D9B /* FeedLoaderStub.swift in Sources */ = {isa = PBXBuildFile; fileRef = F7B9FA2D2D1325B100626D9B /* FeedLoaderStub.swift */; };
		F7B9FA302D13268500626D9B /* XCTestCase+FeedLoader.swift in Sources */ = {isa = PBXBuildFile; fileRef = F7B9FA2F2D13267900626D9B /* XCTestCase+FeedLoader.swift */; };
		F7B9FA362D132F6A00626D9B /* FeedImageDataLoaderCacheDecoratorTests.swift in Sources */ = {isa = PBXBuildFile; fileRef = F7B9FA352D132F6A00626D9B /* FeedImageDataLoaderCacheDecoratorTests.swift */; };
		F7B9FA382D13301C00626D9B /* FeedImageDataLoaderSpy.swift in Sources */ = {isa = PBXBuildFile; fileRef = F7B9FA372D13301C00626D9B /* FeedImageDataLoaderSpy.swift */; };
		F7B9FA3C2D1330DC00626D9B /* XCTestCase+FeedImageDataLoader.swift in Sources */ = {isa = PBXBuildFile; fileRef = F7B9FA3B2D1330D600626D9B /* XCTestCase+FeedImageDataLoader.swift */; };
		F7B9FA402D1332D700626D9B /* FeedImageDataLoaderCacheDecorator.swift in Sources */ = {isa = PBXBuildFile; fileRef = F7B9FA3F2D1332D700626D9B /* FeedImageDataLoaderCacheDecorator.swift */; };
/* End PBXBuildFile section */

/* Begin PBXContainerItemProxy section */
		F71709962D12B83E00DF857D /* PBXContainerItemProxy */ = {
			isa = PBXContainerItemProxy;
			containerPortal = F71709772D12B83C00DF857D /* Project object */;
			proxyType = 1;
			remoteGlobalIDString = F717097E2D12B83C00DF857D;
			remoteInfo = EssentialApp;
		};
/* End PBXContainerItemProxy section */

/* Begin PBXCopyFilesBuildPhase section */
		F7B9F9D82D12BCC000626D9B /* Embed Frameworks */ = {
			isa = PBXCopyFilesBuildPhase;
			buildActionMask = 2147483647;
			dstPath = "";
			dstSubfolderSpec = 10;
			files = (
				F7B9F9D52D12BCC000626D9B /* EssentialFeed.framework in Embed Frameworks */,
				F7B9F9D72D12BCC000626D9B /* EssentialFeediOS.framework in Embed Frameworks */,
			);
			name = "Embed Frameworks";
			runOnlyForDeploymentPostprocessing = 0;
		};
/* End PBXCopyFilesBuildPhase section */

/* Begin PBXFileReference section */
		F717097F2D12B83C00DF857D /* EssentialApp.app */ = {isa = PBXFileReference; explicitFileType = wrapper.application; includeInIndex = 0; path = EssentialApp.app; sourceTree = BUILT_PRODUCTS_DIR; };
		F71709952D12B83E00DF857D /* EssentialAppTests.xctest */ = {isa = PBXFileReference; explicitFileType = wrapper.cfbundle; includeInIndex = 0; path = EssentialAppTests.xctest; sourceTree = BUILT_PRODUCTS_DIR; };
		F76464F52D17078E007F164E /* SceneDelegateTests.swift */ = {isa = PBXFileReference; lastKnownFileType = sourcecode.swift; path = SceneDelegateTests.swift; sourceTree = "<group>"; };
		F76464F72D170AB0007F164E /* FeedUIComposer.swift */ = {isa = PBXFileReference; lastKnownFileType = sourcecode.swift; path = FeedUIComposer.swift; sourceTree = "<group>"; };
		F76464F82D170AB0007F164E /* MainQueueDispatchDecorator.swift */ = {isa = PBXFileReference; lastKnownFileType = sourcecode.swift; path = MainQueueDispatchDecorator.swift; sourceTree = "<group>"; };
		F76464F92D170AB0007F164E /* WeakRefVirtualProxy.swift */ = {isa = PBXFileReference; lastKnownFileType = sourcecode.swift; path = WeakRefVirtualProxy.swift; sourceTree = "<group>"; };
		F76464FA2D170AB0007F164E /* FeedImageDataLoaderPresentationAdapter.swift */ = {isa = PBXFileReference; lastKnownFileType = sourcecode.swift; path = FeedImageDataLoaderPresentationAdapter.swift; sourceTree = "<group>"; };
		F76464FB2D170AB0007F164E /* FeedLoaderPresentationAdapter.swift */ = {isa = PBXFileReference; lastKnownFileType = sourcecode.swift; path = FeedLoaderPresentationAdapter.swift; sourceTree = "<group>"; };
		F76464FC2D170AB0007F164E /* FeedViewAdapter.swift */ = {isa = PBXFileReference; lastKnownFileType = sourcecode.swift; path = FeedViewAdapter.swift; sourceTree = "<group>"; };
		F76465042D170AFC007F164E /* UIControl+TestHelpers.swift */ = {isa = PBXFileReference; lastKnownFileType = sourcecode.swift; path = "UIControl+TestHelpers.swift"; sourceTree = "<group>"; };
		F76465052D170AFC007F164E /* UIButton+TestHelpers.swift */ = {isa = PBXFileReference; lastKnownFileType = sourcecode.swift; path = "UIButton+TestHelpers.swift"; sourceTree = "<group>"; };
		F76465062D170AFC007F164E /* UIRefreshControl+TestHelpers.swift */ = {isa = PBXFileReference; lastKnownFileType = sourcecode.swift; path = "UIRefreshControl+TestHelpers.swift"; sourceTree = "<group>"; };
		F76465072D170AFC007F164E /* UIImage+TestHelpers.swift */ = {isa = PBXFileReference; lastKnownFileType = sourcecode.swift; path = "UIImage+TestHelpers.swift"; sourceTree = "<group>"; };
		F76465082D170AFC007F164E /* FeedUIIntegrationTests+Localization.swift */ = {isa = PBXFileReference; lastKnownFileType = sourcecode.swift; path = "FeedUIIntegrationTests+Localization.swift"; sourceTree = "<group>"; };
		F76465092D170AFC007F164E /* FeedViewController+TestHelpers.swift */ = {isa = PBXFileReference; lastKnownFileType = sourcecode.swift; path = "FeedViewController+TestHelpers.swift"; sourceTree = "<group>"; };
		F764650A2D170AFC007F164E /* FeedUIIntegrationTests+Assertions.swift */ = {isa = PBXFileReference; lastKnownFileType = sourcecode.swift; path = "FeedUIIntegrationTests+Assertions.swift"; sourceTree = "<group>"; };
		F764650B2D170AFC007F164E /* FeedImageCell+TestHelpers.swift */ = {isa = PBXFileReference; lastKnownFileType = sourcecode.swift; path = "FeedImageCell+TestHelpers.swift"; sourceTree = "<group>"; };
		F764650C2D170AFC007F164E /* FeedViewControllerTests+LoaderSpy.swift */ = {isa = PBXFileReference; lastKnownFileType = sourcecode.swift; path = "FeedViewControllerTests+LoaderSpy.swift"; sourceTree = "<group>"; };
		F76465172D170B35007F164E /* FeedUIIntegrationTests.swift */ = {isa = PBXFileReference; lastKnownFileType = sourcecode.swift; path = FeedUIIntegrationTests.swift; sourceTree = "<group>"; };
		F76465192D170F66007F164E /* FeedAcceptanceTests.swift */ = {isa = PBXFileReference; lastKnownFileType = sourcecode.swift; path = FeedAcceptanceTests.swift; sourceTree = "<group>"; };
		F76465282D174EF1007F164E /* UIView+TestHelpers.swift */ = {isa = PBXFileReference; lastKnownFileType = sourcecode.swift; path = "UIView+TestHelpers.swift"; sourceTree = "<group>"; };
		F7B9F9D22D12BCC000626D9B /* EssentialFeed.framework */ = {isa = PBXFileReference; explicitFileType = wrapper.framework; path = EssentialFeed.framework; sourceTree = BUILT_PRODUCTS_DIR; };
		F7B9F9D32D12BCC000626D9B /* EssentialFeediOS.framework */ = {isa = PBXFileReference; explicitFileType = wrapper.framework; path = EssentialFeediOS.framework; sourceTree = BUILT_PRODUCTS_DIR; };
		F7B9FA082D13051200626D9B /* EssentialApp.xctestplan */ = {isa = PBXFileReference; lastKnownFileType = text; path = EssentialApp.xctestplan; sourceTree = "<group>"; };
		F7B9FA092D13051200626D9B /* FeedImageDataLoaderWithFallbackCompositeTests.swift */ = {isa = PBXFileReference; lastKnownFileType = sourcecode.swift; path = FeedImageDataLoaderWithFallbackCompositeTests.swift; sourceTree = "<group>"; };
		F7B9FA112D13051600626D9B /* AppDelegate.swift */ = {isa = PBXFileReference; lastKnownFileType = sourcecode.swift; path = AppDelegate.swift; sourceTree = "<group>"; };
		F7B9FA122D13051600626D9B /* Assets.xcassets */ = {isa = PBXFileReference; lastKnownFileType = folder.assetcatalog; path = Assets.xcassets; sourceTree = "<group>"; };
		F7B9FA132D13051600626D9B /* FeedImageDataLoaderWithFallbackComposite.swift */ = {isa = PBXFileReference; lastKnownFileType = sourcecode.swift; path = FeedImageDataLoaderWithFallbackComposite.swift; sourceTree = "<group>"; };
		F7B9FA152D13051600626D9B /* Info.plist */ = {isa = PBXFileReference; lastKnownFileType = text.plist.xml; path = Info.plist; sourceTree = "<group>"; };
		F7B9FA162D13051600626D9B /* Base */ = {isa = PBXFileReference; lastKnownFileType = file.storyboard; name = Base; path = Base.lproj/LaunchScreen.storyboard; sourceTree = "<group>"; };
		F7B9FA1A2D13051600626D9B /* SceneDelegate.swift */ = {isa = PBXFileReference; lastKnownFileType = sourcecode.swift; path = SceneDelegate.swift; sourceTree = "<group>"; };
		F7B9FA242D130CC500626D9B /* XCTestCase+MemoryLeakTracking.swift */ = {isa = PBXFileReference; lastKnownFileType = sourcecode.swift; path = "XCTestCase+MemoryLeakTracking.swift"; sourceTree = "<group>"; };
		F7B9FA282D130E0500626D9B /* SharedTestHelpers.swift */ = {isa = PBXFileReference; lastKnownFileType = sourcecode.swift; path = SharedTestHelpers.swift; sourceTree = "<group>"; };
		F7B9FA2D2D1325B100626D9B /* FeedLoaderStub.swift */ = {isa = PBXFileReference; lastKnownFileType = sourcecode.swift; path = FeedLoaderStub.swift; sourceTree = "<group>"; };
		F7B9FA2F2D13267900626D9B /* XCTestCase+FeedLoader.swift */ = {isa = PBXFileReference; lastKnownFileType = sourcecode.swift; path = "XCTestCase+FeedLoader.swift"; sourceTree = "<group>"; };
		F7B9FA352D132F6A00626D9B /* FeedImageDataLoaderCacheDecoratorTests.swift */ = {isa = PBXFileReference; lastKnownFileType = sourcecode.swift; path = FeedImageDataLoaderCacheDecoratorTests.swift; sourceTree = "<group>"; };
		F7B9FA372D13301C00626D9B /* FeedImageDataLoaderSpy.swift */ = {isa = PBXFileReference; lastKnownFileType = sourcecode.swift; path = FeedImageDataLoaderSpy.swift; sourceTree = "<group>"; };
		F7B9FA3B2D1330D600626D9B /* XCTestCase+FeedImageDataLoader.swift */ = {isa = PBXFileReference; lastKnownFileType = sourcecode.swift; path = "XCTestCase+FeedImageDataLoader.swift"; sourceTree = "<group>"; };
		F7B9FA3F2D1332D700626D9B /* FeedImageDataLoaderCacheDecorator.swift */ = {isa = PBXFileReference; lastKnownFileType = sourcecode.swift; path = FeedImageDataLoaderCacheDecorator.swift; sourceTree = "<group>"; };
/* End PBXFileReference section */

/* Begin PBXFrameworksBuildPhase section */
		F717097C2D12B83C00DF857D /* Frameworks */ = {
			isa = PBXFrameworksBuildPhase;
			buildActionMask = 2147483647;
			files = (
				F7B9F9D42D12BCC000626D9B /* EssentialFeed.framework in Frameworks */,
				F7B9F9D62D12BCC000626D9B /* EssentialFeediOS.framework in Frameworks */,
			);
			runOnlyForDeploymentPostprocessing = 0;
		};
		F71709922D12B83E00DF857D /* Frameworks */ = {
			isa = PBXFrameworksBuildPhase;
			buildActionMask = 2147483647;
			files = (
			);
			runOnlyForDeploymentPostprocessing = 0;
		};
/* End PBXFrameworksBuildPhase section */

/* Begin PBXGroup section */
		F71709762D12B83C00DF857D = {
			isa = PBXGroup;
			children = (
				F7B9FA1B2D13051600626D9B /* EssentialApp */,
				F7B9FA0B2D13051200626D9B /* EssentialAppTests */,
				F7B9F9D12D12BCC000626D9B /* Frameworks */,
				F71709802D12B83C00DF857D /* Products */,
			);
			sourceTree = "<group>";
		};
		F71709802D12B83C00DF857D /* Products */ = {
			isa = PBXGroup;
			children = (
				F717097F2D12B83C00DF857D /* EssentialApp.app */,
				F71709952D12B83E00DF857D /* EssentialAppTests.xctest */,
			);
			name = Products;
			sourceTree = "<group>";
		};
		F7B9F9D12D12BCC000626D9B /* Frameworks */ = {
			isa = PBXGroup;
			children = (
				F7B9F9D22D12BCC000626D9B /* EssentialFeed.framework */,
				F7B9F9D32D12BCC000626D9B /* EssentialFeediOS.framework */,
			);
			name = Frameworks;
			sourceTree = "<group>";
		};
		F7B9FA072D13051200626D9B /* Helpers */ = {
			isa = PBXGroup;
			children = (
				F76465042D170AFC007F164E /* UIControl+TestHelpers.swift */,
				F76465052D170AFC007F164E /* UIButton+TestHelpers.swift */,
				F76465062D170AFC007F164E /* UIRefreshControl+TestHelpers.swift */,
				F76465072D170AFC007F164E /* UIImage+TestHelpers.swift */,
				F76465282D174EF1007F164E /* UIView+TestHelpers.swift */,
				F76465082D170AFC007F164E /* FeedUIIntegrationTests+Localization.swift */,
				F76465092D170AFC007F164E /* FeedViewController+TestHelpers.swift */,
				F764650A2D170AFC007F164E /* FeedUIIntegrationTests+Assertions.swift */,
				F764650B2D170AFC007F164E /* FeedImageCell+TestHelpers.swift */,
				F764650C2D170AFC007F164E /* FeedViewControllerTests+LoaderSpy.swift */,
				F7B9FA242D130CC500626D9B /* XCTestCase+MemoryLeakTracking.swift */,
				F7B9FA3B2D1330D600626D9B /* XCTestCase+FeedImageDataLoader.swift */,
				F7B9FA2F2D13267900626D9B /* XCTestCase+FeedLoader.swift */,
				F7B9FA282D130E0500626D9B /* SharedTestHelpers.swift */,
				F7B9FA2D2D1325B100626D9B /* FeedLoaderStub.swift */,
				F7B9FA372D13301C00626D9B /* FeedImageDataLoaderSpy.swift */,
			);
			path = Helpers;
			sourceTree = "<group>";
		};
		F7B9FA0B2D13051200626D9B /* EssentialAppTests */ = {
			isa = PBXGroup;
			children = (
				F7B9FA072D13051200626D9B /* Helpers */,
				F7B9FA082D13051200626D9B /* EssentialApp.xctestplan */,
				F76464F52D17078E007F164E /* SceneDelegateTests.swift */,
				F76465192D170F66007F164E /* FeedAcceptanceTests.swift */,
				F76465172D170B35007F164E /* FeedUIIntegrationTests.swift */,
				F7B9FA092D13051200626D9B /* FeedImageDataLoaderWithFallbackCompositeTests.swift */,
				F7B9FA352D132F6A00626D9B /* FeedImageDataLoaderCacheDecoratorTests.swift */,
			);
			path = EssentialAppTests;
			sourceTree = "<group>";
		};
		F7B9FA1B2D13051600626D9B /* EssentialApp */ = {
			isa = PBXGroup;
			children = (
				F7B9FA112D13051600626D9B /* AppDelegate.swift */,
				F7B9FA1A2D13051600626D9B /* SceneDelegate.swift */,
				F76464F72D170AB0007F164E /* FeedUIComposer.swift */,
				F76464F82D170AB0007F164E /* MainQueueDispatchDecorator.swift */,
				F76464F92D170AB0007F164E /* WeakRefVirtualProxy.swift */,
				F76464FA2D170AB0007F164E /* FeedImageDataLoaderPresentationAdapter.swift */,
				F76464FB2D170AB0007F164E /* FeedLoaderPresentationAdapter.swift */,
				F76464FC2D170AB0007F164E /* FeedViewAdapter.swift */,
				F7B9FA132D13051600626D9B /* FeedImageDataLoaderWithFallbackComposite.swift */,
				F7B9FA3F2D1332D700626D9B /* FeedImageDataLoaderCacheDecorator.swift */,
				F7B9FA122D13051600626D9B /* Assets.xcassets */,
				F7B9FA172D13051600626D9B /* LaunchScreen.storyboard */,
				F7B9FA152D13051600626D9B /* Info.plist */,
			);
			path = EssentialApp;
			sourceTree = "<group>";
		};
/* End PBXGroup section */

/* Begin PBXNativeTarget section */
		F717097E2D12B83C00DF857D /* EssentialApp */ = {
			isa = PBXNativeTarget;
			buildConfigurationList = F71709A82D12B83E00DF857D /* Build configuration list for PBXNativeTarget "EssentialApp" */;
			buildPhases = (
				F717097B2D12B83C00DF857D /* Sources */,
				F717097C2D12B83C00DF857D /* Frameworks */,
				F717097D2D12B83C00DF857D /* Resources */,
				F7B9F9D82D12BCC000626D9B /* Embed Frameworks */,
			);
			buildRules = (
			);
			dependencies = (
			);
			name = EssentialApp;
			packageProductDependencies = (
			);
			productName = EssentialApp;
			productReference = F717097F2D12B83C00DF857D /* EssentialApp.app */;
			productType = "com.apple.product-type.application";
		};
		F71709942D12B83E00DF857D /* EssentialAppTests */ = {
			isa = PBXNativeTarget;
			buildConfigurationList = F71709AD2D12B83E00DF857D /* Build configuration list for PBXNativeTarget "EssentialAppTests" */;
			buildPhases = (
				F71709912D12B83E00DF857D /* Sources */,
				F71709922D12B83E00DF857D /* Frameworks */,
				F71709932D12B83E00DF857D /* Resources */,
			);
			buildRules = (
			);
			dependencies = (
				F71709972D12B83E00DF857D /* PBXTargetDependency */,
			);
			name = EssentialAppTests;
			packageProductDependencies = (
			);
			productName = EssentialAppTests;
			productReference = F71709952D12B83E00DF857D /* EssentialAppTests.xctest */;
			productType = "com.apple.product-type.bundle.unit-test";
		};
/* End PBXNativeTarget section */

/* Begin PBXProject section */
		F71709772D12B83C00DF857D /* Project object */ = {
			isa = PBXProject;
			attributes = {
				BuildIndependentTargetsInParallel = 1;
				LastSwiftUpdateCheck = 1610;
				LastUpgradeCheck = 1610;
				TargetAttributes = {
					F717097E2D12B83C00DF857D = {
						CreatedOnToolsVersion = 16.1;
					};
					F71709942D12B83E00DF857D = {
						CreatedOnToolsVersion = 16.1;
						LastSwiftMigration = 1610;
						TestTargetID = F717097E2D12B83C00DF857D;
					};
				};
			};
			buildConfigurationList = F717097A2D12B83C00DF857D /* Build configuration list for PBXProject "EssentialApp" */;
			developmentRegion = en;
			hasScannedForEncodings = 0;
			knownRegions = (
				en,
				Base,
			);
			mainGroup = F71709762D12B83C00DF857D;
			minimizedProjectReferenceProxies = 1;
			preferredProjectObjectVersion = 77;
			productRefGroup = F71709802D12B83C00DF857D /* Products */;
			projectDirPath = "";
			projectRoot = "";
			targets = (
				F717097E2D12B83C00DF857D /* EssentialApp */,
				F71709942D12B83E00DF857D /* EssentialAppTests */,
			);
		};
/* End PBXProject section */

/* Begin PBXResourcesBuildPhase section */
		F717097D2D12B83C00DF857D /* Resources */ = {
			isa = PBXResourcesBuildPhase;
			buildActionMask = 2147483647;
			files = (
				F7B9FA202D13051600626D9B /* Assets.xcassets in Resources */,
				F7B9FA222D13051600626D9B /* LaunchScreen.storyboard in Resources */,
			);
			runOnlyForDeploymentPostprocessing = 0;
		};
		F71709932D12B83E00DF857D /* Resources */ = {
			isa = PBXResourcesBuildPhase;
			buildActionMask = 2147483647;
			files = (
				F7B9FA0F2D13051200626D9B /* EssentialApp.xctestplan in Resources */,
			);
			runOnlyForDeploymentPostprocessing = 0;
		};
/* End PBXResourcesBuildPhase section */

/* Begin PBXSourcesBuildPhase section */
		F717097B2D12B83C00DF857D /* Sources */ = {
			isa = PBXSourcesBuildPhase;
			buildActionMask = 2147483647;
			files = (
				F7B9FA1C2D13051600626D9B /* AppDelegate.swift in Sources */,
				F7B9FA1D2D13051600626D9B /* FeedImageDataLoaderWithFallbackComposite.swift in Sources */,
				F7B9FA402D1332D700626D9B /* FeedImageDataLoaderCacheDecorator.swift in Sources */,
				F76464FD2D170AB0007F164E /* MainQueueDispatchDecorator.swift in Sources */,
				F76464FE2D170AB0007F164E /* FeedViewAdapter.swift in Sources */,
				F76464FF2D170AB0007F164E /* FeedUIComposer.swift in Sources */,
				F76465002D170AB0007F164E /* FeedImageDataLoaderPresentationAdapter.swift in Sources */,
				F76465012D170AB0007F164E /* FeedLoaderPresentationAdapter.swift in Sources */,
				F76465022D170AB0007F164E /* WeakRefVirtualProxy.swift in Sources */,
				F7B9FA1F2D13051600626D9B /* SceneDelegate.swift in Sources */,
			);
			runOnlyForDeploymentPostprocessing = 0;
		};
		F71709912D12B83E00DF857D /* Sources */ = {
			isa = PBXSourcesBuildPhase;
			buildActionMask = 2147483647;
			files = (
				F7B9FA292D130E1000626D9B /* SharedTestHelpers.swift in Sources */,
				F7B9FA362D132F6A00626D9B /* FeedImageDataLoaderCacheDecoratorTests.swift in Sources */,
				F7B9FA302D13268500626D9B /* XCTestCase+FeedLoader.swift in Sources */,
				F7B9FA3C2D1330DC00626D9B /* XCTestCase+FeedImageDataLoader.swift in Sources */,
				F764650D2D170AFC007F164E /* FeedUIIntegrationTests+Localization.swift in Sources */,
				F764650F2D170AFC007F164E /* FeedUIIntegrationTests+Assertions.swift in Sources */,
				F76465102D170AFC007F164E /* FeedImageCell+TestHelpers.swift in Sources */,
				F76465182D170B35007F164E /* FeedUIIntegrationTests.swift in Sources */,
				F76465112D170AFC007F164E /* UIImage+TestHelpers.swift in Sources */,
				F76465122D170AFC007F164E /* UIRefreshControl+TestHelpers.swift in Sources */,
				F76465132D170AFC007F164E /* UIButton+TestHelpers.swift in Sources */,
				F76465142D170AFC007F164E /* FeedViewController+TestHelpers.swift in Sources */,
				F76465152D170AFC007F164E /* UIControl+TestHelpers.swift in Sources */,
				F76465162D170AFC007F164E /* FeedViewControllerTests+LoaderSpy.swift in Sources */,
				F76464F62D17078E007F164E /* SceneDelegateTests.swift in Sources */,
				F7B9FA0D2D13051200626D9B /* FeedImageDataLoaderWithFallbackCompositeTests.swift in Sources */,
				F7B9FA382D13301C00626D9B /* FeedImageDataLoaderSpy.swift in Sources */,
				F7B9FA252D130CC500626D9B /* XCTestCase+MemoryLeakTracking.swift in Sources */,
				F76465292D174EF1007F164E /* UIView+TestHelpers.swift in Sources */,
				F764651A2D170F66007F164E /* FeedAcceptanceTests.swift in Sources */,
				F7B9FA2E2D1325B100626D9B /* FeedLoaderStub.swift in Sources */,
			);
			runOnlyForDeploymentPostprocessing = 0;
		};
/* End PBXSourcesBuildPhase section */

/* Begin PBXTargetDependency section */
		F71709972D12B83E00DF857D /* PBXTargetDependency */ = {
			isa = PBXTargetDependency;
			target = F717097E2D12B83C00DF857D /* EssentialApp */;
			targetProxy = F71709962D12B83E00DF857D /* PBXContainerItemProxy */;
		};
/* End PBXTargetDependency section */

/* Begin PBXVariantGroup section */
		F7B9FA172D13051600626D9B /* LaunchScreen.storyboard */ = {
			isa = PBXVariantGroup;
			children = (
				F7B9FA162D13051600626D9B /* Base */,
			);
			name = LaunchScreen.storyboard;
			sourceTree = "<group>";
		};
/* End PBXVariantGroup section */

/* Begin XCBuildConfiguration section */
		F71709A92D12B83E00DF857D /* Debug */ = {
			isa = XCBuildConfiguration;
			buildSettings = {
				ASSETCATALOG_COMPILER_APPICON_NAME = AppIcon;
				ASSETCATALOG_COMPILER_GLOBAL_ACCENT_COLOR_NAME = AccentColor;
				CODE_SIGN_STYLE = Automatic;
				CURRENT_PROJECT_VERSION = 1;
				DEVELOPMENT_TEAM = 6FUBX6653U;
				GENERATE_INFOPLIST_FILE = YES;
				INFOPLIST_FILE = EssentialApp/Info.plist;
				INFOPLIST_KEY_UIApplicationSupportsIndirectInputEvents = YES;
				INFOPLIST_KEY_UILaunchStoryboardName = LaunchScreen;
				INFOPLIST_KEY_UISupportedInterfaceOrientations = UIInterfaceOrientationPortrait;
				IPHONEOS_DEPLOYMENT_TARGET = 18.0;
				LD_RUNPATH_SEARCH_PATHS = (
					"$(inherited)",
					"@executable_path/Frameworks",
				);
				MARKETING_VERSION = 1.0;
				PRODUCT_BUNDLE_IDENTIFIER = com.elhanak.EssentialApp;
				PRODUCT_NAME = "$(TARGET_NAME)";
				SUPPORTED_PLATFORMS = "iphoneos iphonesimulator";
				SUPPORTS_MACCATALYST = NO;
				SUPPORTS_MAC_DESIGNED_FOR_IPHONE_IPAD = NO;
				SUPPORTS_XR_DESIGNED_FOR_IPHONE_IPAD = NO;
				SWIFT_EMIT_LOC_STRINGS = YES;
				SWIFT_VERSION = 5.0;
				TARGETED_DEVICE_FAMILY = 1;
			};
			name = Debug;
		};
		F71709AA2D12B83E00DF857D /* Release */ = {
			isa = XCBuildConfiguration;
			buildSettings = {
				ASSETCATALOG_COMPILER_APPICON_NAME = AppIcon;
				ASSETCATALOG_COMPILER_GLOBAL_ACCENT_COLOR_NAME = AccentColor;
				CODE_SIGN_STYLE = Automatic;
				CURRENT_PROJECT_VERSION = 1;
				DEVELOPMENT_TEAM = 6FUBX6653U;
				GENERATE_INFOPLIST_FILE = YES;
				INFOPLIST_FILE = EssentialApp/Info.plist;
				INFOPLIST_KEY_UIApplicationSupportsIndirectInputEvents = YES;
				INFOPLIST_KEY_UILaunchStoryboardName = LaunchScreen;
				INFOPLIST_KEY_UISupportedInterfaceOrientations = UIInterfaceOrientationPortrait;
				IPHONEOS_DEPLOYMENT_TARGET = 18.0;
				LD_RUNPATH_SEARCH_PATHS = (
					"$(inherited)",
					"@executable_path/Frameworks",
				);
				MARKETING_VERSION = 1.0;
				PRODUCT_BUNDLE_IDENTIFIER = com.elhanak.EssentialApp;
				PRODUCT_NAME = "$(TARGET_NAME)";
				SUPPORTED_PLATFORMS = "iphoneos iphonesimulator";
				SUPPORTS_MACCATALYST = NO;
				SUPPORTS_MAC_DESIGNED_FOR_IPHONE_IPAD = NO;
				SUPPORTS_XR_DESIGNED_FOR_IPHONE_IPAD = NO;
				SWIFT_EMIT_LOC_STRINGS = YES;
				SWIFT_VERSION = 5.0;
				TARGETED_DEVICE_FAMILY = 1;
			};
			name = Release;
		};
		F71709AB2D12B83E00DF857D /* Debug */ = {
			isa = XCBuildConfiguration;
			buildSettings = {
				ALWAYS_SEARCH_USER_PATHS = NO;
				ASSETCATALOG_COMPILER_GENERATE_SWIFT_ASSET_SYMBOL_EXTENSIONS = YES;
				CLANG_ANALYZER_NONNULL = YES;
				CLANG_ANALYZER_NUMBER_OBJECT_CONVERSION = YES_AGGRESSIVE;
				CLANG_CXX_LANGUAGE_STANDARD = "gnu++20";
				CLANG_ENABLE_MODULES = YES;
				CLANG_ENABLE_OBJC_ARC = YES;
				CLANG_ENABLE_OBJC_WEAK = YES;
				CLANG_WARN_BLOCK_CAPTURE_AUTORELEASING = YES;
				CLANG_WARN_BOOL_CONVERSION = YES;
				CLANG_WARN_COMMA = YES;
				CLANG_WARN_CONSTANT_CONVERSION = YES;
				CLANG_WARN_DEPRECATED_OBJC_IMPLEMENTATIONS = YES;
				CLANG_WARN_DIRECT_OBJC_ISA_USAGE = YES_ERROR;
				CLANG_WARN_DOCUMENTATION_COMMENTS = YES;
				CLANG_WARN_EMPTY_BODY = YES;
				CLANG_WARN_ENUM_CONVERSION = YES;
				CLANG_WARN_INFINITE_RECURSION = YES;
				CLANG_WARN_INT_CONVERSION = YES;
				CLANG_WARN_NON_LITERAL_NULL_CONVERSION = YES;
				CLANG_WARN_OBJC_IMPLICIT_RETAIN_SELF = YES;
				CLANG_WARN_OBJC_LITERAL_CONVERSION = YES;
				CLANG_WARN_OBJC_ROOT_CLASS = YES_ERROR;
				CLANG_WARN_QUOTED_INCLUDE_IN_FRAMEWORK_HEADER = YES;
				CLANG_WARN_RANGE_LOOP_ANALYSIS = YES;
				CLANG_WARN_STRICT_PROTOTYPES = YES;
				CLANG_WARN_SUSPICIOUS_MOVE = YES;
				CLANG_WARN_UNGUARDED_AVAILABILITY = YES_AGGRESSIVE;
				CLANG_WARN_UNREACHABLE_CODE = YES;
				CLANG_WARN__DUPLICATE_METHOD_MATCH = YES;
				COPY_PHASE_STRIP = NO;
				DEBUG_INFORMATION_FORMAT = dwarf;
				ENABLE_STRICT_OBJC_MSGSEND = YES;
				ENABLE_TESTABILITY = YES;
				ENABLE_USER_SCRIPT_SANDBOXING = YES;
				GCC_C_LANGUAGE_STANDARD = gnu17;
				GCC_DYNAMIC_NO_PIC = NO;
				GCC_NO_COMMON_BLOCKS = YES;
				GCC_OPTIMIZATION_LEVEL = 0;
				GCC_PREPROCESSOR_DEFINITIONS = (
					"DEBUG=1",
					"$(inherited)",
				);
				GCC_WARN_64_TO_32_BIT_CONVERSION = YES;
				GCC_WARN_ABOUT_RETURN_TYPE = YES_ERROR;
				GCC_WARN_UNDECLARED_SELECTOR = YES;
				GCC_WARN_UNINITIALIZED_AUTOS = YES_AGGRESSIVE;
				GCC_WARN_UNUSED_FUNCTION = YES;
				GCC_WARN_UNUSED_VARIABLE = YES;
				IPHONEOS_DEPLOYMENT_TARGET = 18.1;
				LOCALIZATION_PREFERS_STRING_CATALOGS = YES;
				MTL_ENABLE_DEBUG_INFO = INCLUDE_SOURCE;
				MTL_FAST_MATH = YES;
				ONLY_ACTIVE_ARCH = YES;
				SDKROOT = iphoneos;
				SWIFT_ACTIVE_COMPILATION_CONDITIONS = "DEBUG $(inherited)";
				SWIFT_OPTIMIZATION_LEVEL = "-Onone";
			};
			name = Debug;
		};
		F71709AC2D12B83E00DF857D /* Release */ = {
			isa = XCBuildConfiguration;
			buildSettings = {
				ALWAYS_SEARCH_USER_PATHS = NO;
				ASSETCATALOG_COMPILER_GENERATE_SWIFT_ASSET_SYMBOL_EXTENSIONS = YES;
				CLANG_ANALYZER_NONNULL = YES;
				CLANG_ANALYZER_NUMBER_OBJECT_CONVERSION = YES_AGGRESSIVE;
				CLANG_CXX_LANGUAGE_STANDARD = "gnu++20";
				CLANG_ENABLE_MODULES = YES;
				CLANG_ENABLE_OBJC_ARC = YES;
				CLANG_ENABLE_OBJC_WEAK = YES;
				CLANG_WARN_BLOCK_CAPTURE_AUTORELEASING = YES;
				CLANG_WARN_BOOL_CONVERSION = YES;
				CLANG_WARN_COMMA = YES;
				CLANG_WARN_CONSTANT_CONVERSION = YES;
				CLANG_WARN_DEPRECATED_OBJC_IMPLEMENTATIONS = YES;
				CLANG_WARN_DIRECT_OBJC_ISA_USAGE = YES_ERROR;
				CLANG_WARN_DOCUMENTATION_COMMENTS = YES;
				CLANG_WARN_EMPTY_BODY = YES;
				CLANG_WARN_ENUM_CONVERSION = YES;
				CLANG_WARN_INFINITE_RECURSION = YES;
				CLANG_WARN_INT_CONVERSION = YES;
				CLANG_WARN_NON_LITERAL_NULL_CONVERSION = YES;
				CLANG_WARN_OBJC_IMPLICIT_RETAIN_SELF = YES;
				CLANG_WARN_OBJC_LITERAL_CONVERSION = YES;
				CLANG_WARN_OBJC_ROOT_CLASS = YES_ERROR;
				CLANG_WARN_QUOTED_INCLUDE_IN_FRAMEWORK_HEADER = YES;
				CLANG_WARN_RANGE_LOOP_ANALYSIS = YES;
				CLANG_WARN_STRICT_PROTOTYPES = YES;
				CLANG_WARN_SUSPICIOUS_MOVE = YES;
				CLANG_WARN_UNGUARDED_AVAILABILITY = YES_AGGRESSIVE;
				CLANG_WARN_UNREACHABLE_CODE = YES;
				CLANG_WARN__DUPLICATE_METHOD_MATCH = YES;
				COPY_PHASE_STRIP = NO;
				DEBUG_INFORMATION_FORMAT = "dwarf-with-dsym";
				ENABLE_NS_ASSERTIONS = NO;
				ENABLE_STRICT_OBJC_MSGSEND = YES;
				ENABLE_USER_SCRIPT_SANDBOXING = YES;
				GCC_C_LANGUAGE_STANDARD = gnu17;
				GCC_NO_COMMON_BLOCKS = YES;
				GCC_WARN_64_TO_32_BIT_CONVERSION = YES;
				GCC_WARN_ABOUT_RETURN_TYPE = YES_ERROR;
				GCC_WARN_UNDECLARED_SELECTOR = YES;
				GCC_WARN_UNINITIALIZED_AUTOS = YES_AGGRESSIVE;
				GCC_WARN_UNUSED_FUNCTION = YES;
				GCC_WARN_UNUSED_VARIABLE = YES;
				IPHONEOS_DEPLOYMENT_TARGET = 18.1;
				LOCALIZATION_PREFERS_STRING_CATALOGS = YES;
				MTL_ENABLE_DEBUG_INFO = NO;
				MTL_FAST_MATH = YES;
				SDKROOT = iphoneos;
				SWIFT_COMPILATION_MODE = wholemodule;
				VALIDATE_PRODUCT = YES;
			};
			name = Release;
		};
		F71709AE2D12B83E00DF857D /* Debug */ = {
			isa = XCBuildConfiguration;
			buildSettings = {
				BUNDLE_LOADER = "$(TEST_HOST)";
				CLANG_ENABLE_MODULES = YES;
				CODE_SIGN_STYLE = Automatic;
				CURRENT_PROJECT_VERSION = 1;
				DEVELOPMENT_TEAM = 6FUBX6653U;
				GENERATE_INFOPLIST_FILE = YES;
				IPHONEOS_DEPLOYMENT_TARGET = 18.0;
				MARKETING_VERSION = 1.0;
				PRODUCT_BUNDLE_IDENTIFIER = com.elhanak.EssentialAppTests;
				PRODUCT_NAME = "$(TARGET_NAME)";
				SUPPORTED_PLATFORMS = "iphoneos iphonesimulator";
				SUPPORTS_MACCATALYST = NO;
				SUPPORTS_MAC_DESIGNED_FOR_IPHONE_IPAD = NO;
				SUPPORTS_XR_DESIGNED_FOR_IPHONE_IPAD = NO;
				SWIFT_EMIT_LOC_STRINGS = NO;
				SWIFT_OPTIMIZATION_LEVEL = "-Onone";
				SWIFT_VERSION = 5.0;
				TARGETED_DEVICE_FAMILY = 1;
				TEST_HOST = "$(BUILT_PRODUCTS_DIR)/EssentialApp.app/$(BUNDLE_EXECUTABLE_FOLDER_PATH)/EssentialApp";
			};
			name = Debug;
		};
		F71709AF2D12B83E00DF857D /* Release */ = {
			isa = XCBuildConfiguration;
			buildSettings = {
				BUNDLE_LOADER = "$(TEST_HOST)";
				CLANG_ENABLE_MODULES = YES;
				CODE_SIGN_STYLE = Automatic;
				CURRENT_PROJECT_VERSION = 1;
				DEVELOPMENT_TEAM = 6FUBX6653U;
				GENERATE_INFOPLIST_FILE = YES;
				IPHONEOS_DEPLOYMENT_TARGET = 18.0;
				MARKETING_VERSION = 1.0;
				PRODUCT_BUNDLE_IDENTIFIER = com.elhanak.EssentialAppTests;
				PRODUCT_NAME = "$(TARGET_NAME)";
				SUPPORTED_PLATFORMS = "iphoneos iphonesimulator";
				SUPPORTS_MACCATALYST = NO;
				SUPPORTS_MAC_DESIGNED_FOR_IPHONE_IPAD = NO;
				SUPPORTS_XR_DESIGNED_FOR_IPHONE_IPAD = NO;
				SWIFT_EMIT_LOC_STRINGS = NO;
				SWIFT_VERSION = 5.0;
				TARGETED_DEVICE_FAMILY = 1;
				TEST_HOST = "$(BUILT_PRODUCTS_DIR)/EssentialApp.app/$(BUNDLE_EXECUTABLE_FOLDER_PATH)/EssentialApp";
			};
			name = Release;
		};
/* End XCBuildConfiguration section */

/* Begin XCConfigurationList section */
		F717097A2D12B83C00DF857D /* Build configuration list for PBXProject "EssentialApp" */ = {
			isa = XCConfigurationList;
			buildConfigurations = (
				F71709AB2D12B83E00DF857D /* Debug */,
				F71709AC2D12B83E00DF857D /* Release */,
			);
			defaultConfigurationIsVisible = 0;
			defaultConfigurationName = Release;
		};
		F71709A82D12B83E00DF857D /* Build configuration list for PBXNativeTarget "EssentialApp" */ = {
			isa = XCConfigurationList;
			buildConfigurations = (
				F71709A92D12B83E00DF857D /* Debug */,
				F71709AA2D12B83E00DF857D /* Release */,
			);
			defaultConfigurationIsVisible = 0;
			defaultConfigurationName = Release;
		};
		F71709AD2D12B83E00DF857D /* Build configuration list for PBXNativeTarget "EssentialAppTests" */ = {
			isa = XCConfigurationList;
			buildConfigurations = (
				F71709AE2D12B83E00DF857D /* Debug */,
				F71709AF2D12B83E00DF857D /* Release */,
			);
			defaultConfigurationIsVisible = 0;
			defaultConfigurationName = Release;
		};
/* End XCConfigurationList section */
	};
	rootObject = F71709772D12B83C00DF857D /* Project object */;
}
